
Microsoft Visual Studio Solution File, Format Version 12.00
# Visual Studio Version 16
VisualStudioVersion = 16.0.31624.102
MinimumVisualStudioVersion = 10.0.40219.1
Project("{FAE04EC0-301F-11D3-BF4B-00C04F79EFBC}") = "Line_Comparison", "Line_Comparison\Line_Comparison.csproj", "{C6B19A43-BDCE-4B11-9F88-1E5A58370115}"
EndProject
Global
	GlobalSection(SolutionConfigurationPlatforms) = preSolution
		Debug|Any CPU = Debug|Any CPU
		Release|Any CPU = Release|Any CPU
	EndGlobalSection
	GlobalSection(ProjectConfigurationPlatforms) = postSolution
		{C6B19A43-BDCE-4B11-9F88-1E5A58370115}.Debug|Any CPU.ActiveCfg = Debug|Any CPU
		{C6B19A43-BDCE-4B11-9F88-1E5A58370115}.Debug|Any CPU.Build.0 = Debug|Any CPU
		{C6B19A43-BDCE-4B11-9F88-1E5A58370115}.Release|Any CPU.ActiveCfg = Release|Any CPU
		{C6B19A43-BDCE-4B11-9F88-1E5A58370115}.Release|Any CPU.Build.0 = Release|Any CPU
	EndGlobalSection
	GlobalSection(SolutionProperties) = preSolution
		HideSolutionNode = FALSE
	EndGlobalSection
	GlobalSection(ExtensibilityGlobals) = postSolution
		SolutionGuid = {44984F2E-87F6-4032-8425-38F37C0F3462}
	EndGlobalSection
EndGlobal
